
Microsoft Visual Studio Solution File, Format Version 12.00
# Visual Studio Version 17
VisualStudioVersion = 17.7.34031.279
MinimumVisualStudioVersion = 10.0.40219.1
Project("{9A19103F-16F7-4668-BE54-9A1E7A4F7556}") = "Updater", "src\Updater\Updater.csproj", "{4A1E8539-29DB-462D-B066-E5187C1DA046}"
EndProject
Global
	GlobalSection(SolutionConfigurationPlatforms) = preSolution
		Debug|Any CPU = Debug|Any CPU
		Release|Any CPU = Release|Any CPU
	EndGlobalSection
	GlobalSection(ProjectConfigurationPlatforms) = postSolution
		{4A1E8539-29DB-462D-B066-E5187C1DA046}.Debug|Any CPU.ActiveCfg = Debug|Any CPU
		{4A1E8539-29DB-462D-B066-E5187C1DA046}.Debug|Any CPU.Build.0 = Debug|Any CPU
		{4A1E8539-29DB-462D-B066-E5187C1DA046}.Release|Any CPU.ActiveCfg = Release|Any CPU
		{4A1E8539-29DB-462D-B066-E5187C1DA046}.Release|Any CPU.Build.0 = Release|Any CPU
	EndGlobalSection
	GlobalSection(SolutionProperties) = preSolution
		HideSolutionNode = FALSE
	EndGlobalSection
	GlobalSection(ExtensibilityGlobals) = postSolution
		SolutionGuid = {79782FEF-EFF0-41C8-B4B9-E3910BF33C3D}
	EndGlobalSection
EndGlobal
